{
    "_meta": {
        "hash": {
            "sha256": "0c841d57059bb9d79eeb3f5dd12d5d31926383dddec53d364fcf28bae1aae166"
        },
        "pipfile-spec": 6,
        "requires": {
            "python_version": "3.6"
        },
        "sources": [
            {
                "name": "pypi",
                "url": "https://pypi.org/simple",
                "verify_ssl": true
            }
        ]
    },
    "default": {
        "aiohttp": {
            "hashes": [
                "sha256:00d198585474299c9c3b4f1d5de1a576cc230d562abc5e4a0e81d71a20a6ca55",
                "sha256:0155af66de8c21b8dba4992aaeeabf55503caefae00067a3b1139f86d0ec50ed",
                "sha256:09654a9eca62d1bd6d64aa44db2498f60a5c1e0ac4750953fdd79d5c88955e10",
                "sha256:199f1d106e2b44b6dacdf6f9245493c7d716b01d0b7fbe1959318ba4dc64d1f5",
                "sha256:296f30dedc9f4b9e7a301e5cc963012264112d78a1d3094cd83ef148fdf33ca1",
                "sha256:368ed312550bd663ce84dc4b032a962fcb3c7cae099dbbd48663afc305e3b939",
                "sha256:40d7ea570b88db017c51392349cf99b7aefaaddd19d2c78368aeb0bddde9d390",
                "sha256:629102a193162e37102c50713e2e31dc9a2fe7ac5e481da83e5bb3c0cee700aa",
                "sha256:6d5ec9b8948c3d957e75ea14d41e9330e1ac3fed24ec53766c780f82805140dc",
                "sha256:87331d1d6810214085a50749160196391a712a13336cd02ce1c3ea3d05bcf8d5",
                "sha256:9a02a04bbe581c8605ac423ba3a74999ec9d8bce7ae37977a3d38680f5780b6d",
                "sha256:9c4c83f4fa1938377da32bc2d59379025ceeee8e24b89f72fcbccd8ca22dc9bf",
                "sha256:9cddaff94c0135ee627213ac6ca6d05724bfe6e7a356e5e09ec57bd3249510f6",
                "sha256:a25237abf327530d9561ef751eef9511ab56fd9431023ca6f4803f1994104d72",
                "sha256:a5cbd7157b0e383738b8e29d6e556fde8726823dae0e348952a61742b21aeb12",
                "sha256:a97a516e02b726e089cffcde2eea0d3258450389bbac48cbe89e0f0b6e7b0366",
                "sha256:acc89b29b5f4e2332d65cd1b7d10c609a75b88ef8925d487a611ca788432dfa4",
                "sha256:b05bd85cc99b06740aad3629c2585bda7b83bd86e080b44ba47faf905fdf1300",
                "sha256:c2bec436a2b5dafe5eaeb297c03711074d46b6eb236d002c13c42f25c4a8ce9d",
                "sha256:cc619d974c8c11fe84527e4b5e1c07238799a8c29ea1c1285149170524ba9303",
                "sha256:d4392defd4648badaa42b3e101080ae3313e8f4787cb517efd3f5b8157eaefd6",
                "sha256:e1c3c582ee11af7f63a34a46f0448fca58e59889396ffdae1f482085061a2889"
            ],
            "index": "pypi",
            "version": "==3.5.4"
        },
        "async-timeout": {
            "hashes": [
                "sha256:0c3c816a028d47f659d6ff5c745cb2acf1f966da1fe5c19c77a70282b25f4c5f",
                "sha256:4291ca197d287d274d0b6cb5d6f8f8f82d434ed288f962539ff18cc9012f9ea3"
            ],
            "markers": "python_full_version >= '3.5.3'",
            "version": "==3.0.1"
        },
        "attrs": {
            "hashes": [
                "sha256:29adc2665447e5191d0e7c568fde78b21f9672d344281d0c6e1ab085429b22b6",
                "sha256:86efa402f67bf2df34f51a335487cf46b1ec130d02b8d39fd248abfd30da551c"
            ],
            "markers": "python_version >= '3.5'",
            "version": "==22.1.0"
        },
        "certifi": {
            "hashes": [
                "sha256:35824b4c3a97115964b408844d64aa14db1cc518f6562e8d7261699d1350a9e3",
                "sha256:4ad3232f5e926d6718ec31cfc1fcadfde020920e278684144551c91769c7bc18"
            ],
            "index": "pypi",
            "version": "==2022.12.7"
        },
        "chardet": {
            "hashes": [
                "sha256:84ab92ed1c4d4f16916e05906b6b75a6c0fb5db821cc65e70cbd64a3e2a5eaae",
                "sha256:fc323ffcaeaed0e0a02bf4d117757b98aed530d9ed4531e3e15460124c106691"
            ],
            "version": "==3.0.4"
        },
        "idna": {
            "hashes": [
                "sha256:c357b3f628cf53ae2c4c05627ecc484553142ca23264e593d327bcde5e9c3407",
                "sha256:ea8b7f6188e6fa117537c3df7da9fc686d485087abf6ac197f9c46432f7e4a3c"
            ],
            "version": "==2.8"
        },
        "idna-ssl": {
            "hashes": [
                "sha256:a933e3bb13da54383f9e8f35dc4f9cb9eb9b3b78c6b36f311254d6d0d92c6c7c"
            ],
            "markers": "python_version < '3.7'",
            "version": "==1.1.0"
        },
        "multidict": {
            "hashes": [
                "sha256:1ece5a3369835c20ed57adadc663400b5525904e53bae59ec854a5d36b39b21a",
                "sha256:275ca32383bc5d1894b6975bb4ca6a7ff16ab76fa622967625baeebcf8079000",
                "sha256:3750f2205b800aac4bb03b5ae48025a64e474d2c6cc79547988ba1d4122a09e2",
                "sha256:4538273208e7294b2659b1602490f4ed3ab1c8cf9dbdd817e0e9db8e64be2507",
                "sha256:5141c13374e6b25fe6bf092052ab55c0c03d21bd66c94a0e3ae371d3e4d865a5",
                "sha256:51a4d210404ac61d32dada00a50ea7ba412e6ea945bbe992e4d7a595276d2ec7",
                "sha256:5cf311a0f5ef80fe73e4f4c0f0998ec08f954a6ec72b746f3c179e37de1d210d",
                "sha256:6513728873f4326999429a8b00fc7ceddb2509b01d5fd3f3be7881a257b8d463",
                "sha256:7388d2ef3c55a8ba80da62ecfafa06a1c097c18032a501ffd4cabbc52d7f2b19",
                "sha256:9456e90649005ad40558f4cf51dbb842e32807df75146c6d940b6f5abb4a78f3",
                "sha256:c026fe9a05130e44157b98fea3ab12969e5b60691a276150db9eda71710cd10b",
                "sha256:d14842362ed4cf63751648e7672f7174c9818459d169231d03c56e84daf90b7c",
                "sha256:e0d072ae0f2a179c375f67e3da300b47e1a83293c554450b29c900e50afaae87",
                "sha256:f07acae137b71af3bb548bd8da720956a3bc9f9a0b87733e0899226a2317aeb7",
                "sha256:fbb77a75e529021e7c4a8d4e823d88ef4d23674a202be4f5addffc72cbb91430",
                "sha256:fcfbb44c59af3f8ea984de67ec7c306f618a3ec771c2843804069917a8f2e255",
                "sha256:feed85993dbdb1dbc29102f50bca65bdc68f2c0c8d352468c25b54874f23c39d"
            ],
            "markers": "python_version >= '3.5'",
            "version": "==4.7.6"
        },
        "numpy": {
            "hashes": [
                "sha256:0778076e764e146d3078b17c24c4d89e0ecd4ac5401beff8e1c87879043a0633",
                "sha256:141c7102f20abe6cf0d54c4ced8d565b86df4d3077ba2343b61a6db996cefec7",
                "sha256:14270a1ee8917d11e7753fb54fc7ffd1934f4d529235beec0b275e2ccf00333b",
                "sha256:27e11c7a8ec9d5838bc59f809bfa86efc8a4fd02e58960fa9c49d998e14332d5",
                "sha256:2a04dda79606f3d2f760384c38ccd3d5b9bb79d4c8126b67aff5eb09a253763e",
                "sha256:3c26010c1b51e1224a3ca6b8df807de6e95128b0908c7e34f190e7775455b0ca",
                "sha256:52c40f1a4262c896420c6ea1c6fda62cf67070e3947e3307f5562bd783a90336",
                "sha256:6e4f8d9e8aa79321657079b9ac03f3cf3fd067bf31c1cca4f56d49543f4356a5",
                "sha256:7242be12a58fec245ee9734e625964b97cf7e3f2f7d016603f9e56660ce479c7",
                "sha256:7dc253b542bfd4b4eb88d9dbae4ca079e7bf2e2afd819ee18891a43db66c60c7",
                "sha256:94f5bd885f67bbb25c82d80184abbf7ce4f6c3c3a41fbaa4182f034bba803e69",
                "sha256:a89e188daa119ffa0d03ce5123dee3f8ffd5115c896c2a9d4f0dbb3d8b95bfa3",
                "sha256:ad3399da9b0ca36e2f24de72f67ab2854a62e623274607e37e0ce5f5d5fa9166",
                "sha256:b0348be89275fd1d4c44ffa39530c41a21062f52299b1e3ee7d1c61f060044b8",
                "sha256:b5554368e4ede1856121b0dfa35ce71768102e4aa55e526cb8de7f374ff78722",
                "sha256:cbddc56b2502d3f87fda4f98d948eb5b11f36ff3902e17cb6cc44727f2200525",
                "sha256:d79f18f41751725c56eceab2a886f021d70fd70a6188fd386e29a045945ffc10",
                "sha256:dc2ca26a19ab32dc475dbad9dfe723d3a64c835f4c23f625c2b6566ca32b9f29",
                "sha256:dd9bcd4f294eb0633bb33d1a74febdd2b9018b8b8ed325f861fffcd2c7660bb8",
                "sha256:e8baab1bc7c9152715844f1faca6744f2416929de10d7639ed49555a85549f52",
                "sha256:ec31fe12668af687b99acf1567399632a7c47b0e17cfb9ae47c098644ef36797",
                "sha256:f12b4f7e2d8f9da3141564e6737d79016fe5336cc92de6814eba579744f65b0a",
                "sha256:f58ac38d5ca045a377b3b377c84df8175ab992c970a53332fa8ac2373df44ff7"
            ],
            "index": "pypi",
            "version": "==1.16.4"
        },
        "opencv-python": {
            "hashes": [
                "sha256:1703a296a96d3d46615e5053f224867977accb4240bcaa0fcabcb0768bf5ac13",
                "sha256:1777ce7535ee7a1995cae168a107a1320e9df13648b930e72a1a2c2eccd64cda",
                "sha256:1e5520482fb18fbd64d079e7f17ac0018f195fd75f6360a53bb82d7903106b50",
                "sha256:25522dcf2529614750a71112a6659759080b4bdc2323f19d47f4d895960fd796",
                "sha256:2af5f2842ad44c65ae2647377e0ff198719e1a1cfc9c6a19bc0c525c035d4bd8",
                "sha256:31ec48d7eca13fc25c287dea7cecab453976e372cad8f50d55c054a247efda21",
                "sha256:47cf48ff5dbd554e9f58cc9e98cf0b5de3f6a971172612bffa06bc5fb79ce872",
                "sha256:494f98366bb5d6c2ac7e50e6617139f353704fd97a6d12ec9d392e72817d5cb0",
                "sha256:4a9845870739e640e3350a8d98d511c92c087fe3d66090e83be7bf94e0ac64f7",
                "sha256:4ac29cc0847d948a6636899014e84e165c30cc8779d6218394d44363462a01ce",
                "sha256:5857ace03b7854221abf8072462d306c2c2ce4e366190b21d90ee8ee8aaf5bb4",
                "sha256:5b4a23d99d5a2874767034466f5a8fd37b9f93ac14955a01b1a208983c76b9ad",
                "sha256:734d87a5021c037064beb62133e135e66c7128e401a63b8b842b809ae2093749",
                "sha256:78005c1c5d15ef4e32e0f485557bd15b5b6d87f49c19db7fe3e9246a61ebe7e4",
                "sha256:81ae2283225c5c52fc3d72debd4241c30ccff2bb922578bf7867f9851cce3acb",
                "sha256:88dbf900f297fdae0f62b899d6a784d8868ec2135854c5f8a9abbad00a6f0c5b",
                "sha256:8c98ea7b8d327a31cd6028782a06147d0e0329ae8e829e881fb5d02f7ed8aec9",
                "sha256:937d4686fef6967921145290f5b50c01c00c5b5d3542a6519e8a85cd88448723",
                "sha256:a057958c0e362b3c4f03b9af1cbdb6d5af035fd22ecd7fd794eba8fdeb049eb8",
                "sha256:c41eab31fa2c641226c6187caa391a688d064c99f078d604574f1912296b771f",
                "sha256:cf4f7e62d1f80d1fa85a1693a3500def5cde54b2b75212b3609e552e4c25acfb",
                "sha256:d90d60143e18334330c149f293071c9f2f3c79c896f33dc4ec65099e58baaaa7",
                "sha256:db3106b7ca86999a7bd1f2fcc93e49314e5e6e451356774e421a69428df5020b",
                "sha256:dbaf264db56f4771dfac6624f438bc4dc670aa94f61a6138848fcab7e9e77380",
                "sha256:e65206c4cf651dc9cf0829962fae8bec986767c9f123d6a1ad17f9356bf7257e",
                "sha256:eac94ddc78c58e891cff7180274317dad2938a4ddfc6ced1c04846c7f50e77e9",
                "sha256:f2e828711f044a965509c862b3a59b3181e9c56c145a950cb53d43fec54e66d2"
            ],
            "index": "pypi",
            "version": "==4.1.0.25"
        },
        "pillow": {
            "hashes": [
                "sha256:0683e80d81e840d401b687ebc00a02bbb23d0793c34d0852a5af64cfa1589540",
                "sha256:09c4e81c3277199898e8dc2d85d94febad87c41251ecbd447ba7d64d94765bd8",
                "sha256:0ee74a23022af9baf997e3016b4e090e4ff08688d37a6f49010338ab46cfe101",
                "sha256:10860baedfe5da7c43cd17835b091494dcc59dda5ad176a011713fe398ea6ac2",
                "sha256:15c056bfa284c30a7f265a41ac4cbbc93bdbfc0dfe0613b9cb8a8581b51a9e55",
                "sha256:1a4e06ba4f74494ea0c58c24de2bb752818e9d504474ec95b0aa94f6b0a7e479",
                "sha256:1c3c707c76be43c9e99cb7e3d5f1bee1c8e5be8b8a2a5eeee665efbf8ddde91a",
                "sha256:1fd0b290203e3b0882d9605d807b03c0f47e3440f97824586c173eca0aadd99d",
                "sha256:24114e4a6e1870c5a24b1da8f60d0ba77a0b4027907860188ea82bd3508c80eb",
                "sha256:258d886a49b6b058cd7abb0ab4b2b85ce78669a857398e83e8b8e28b317b5abb",
                "sha256:2734c55f7d054b0ad889c971136cbb0a5b35a921e27beaa44fdc2436af529c6e",
                "sha256:2ac36ec56727a95bd5a04dfca6abce1db8042c31ee73b65796a42f31fd52d009",
                "sha256:2bc1002b573d107c0b172a5da0f34b4900b2ddc6c3296b82d601e966d5ac1959",
                "sha256:33c79b6dd6bc7f65079ab9ca5bebffb5f5d1141c689c9c6a7855776d1b09b7e8",
                "sha256:367385fc797b2c31564c427430c7a8630db1a00bd040555dfc1d5c52e39fcd72",
                "sha256:3c1884ff078fb8bf5f63d7d86921838b82ed4a7d0c027add773c2f38b3168754",
                "sha256:44e5240e8f4f8861d748f2a58b3f04daadab5e22bfec896bf5434745f788f33f",
                "sha256:46aa988e15f3ea72dddd81afe3839437b755fffddb5e173886f11460be909dce",
                "sha256:492e1e4df823b57f9334f591c78a1e0e65a361e92594534e0568eeeeea56bbba",
                "sha256:50fb9e25d25cfcb50b2e6842c4e104e4f0b424be4624e1724532bf005c67589a",
                "sha256:5ceadd60dbd1e56ab7faffbfee1df5ecb83c3f0420e47f652cd5306d70eb0296",
                "sha256:74d90d499c9c736d52dd6d9b7221af5665b9c04f1767e35f5dd8694324bd4601",
                "sha256:7eeac51fc37e6b19631a4b8e38b8261a074efcf7cc27fc16a6bee4697af7aaa5",
                "sha256:809c0a2ce9032cbcd7b5313f71af4bdc5c8c771cb86eb7559afd954cab82ebb5",
                "sha256:85d1ef2cdafd5507c4221d201aaf62fc9276f8b0f71bd3933363e62a33abc734",
                "sha256:8c3889c7681af77ecfa4431cd42a2885d093ecb811e81fbe5e203abc07e0995b",
                "sha256:9218d81b9fca98d2c47d35d688a0cea0c42fd473159dfd5612dcb0483c63e40b",
                "sha256:9319215530e236822169cbe92426cdc18d16b88c943fdf365a6309a89876e335",
                "sha256:96ec275c83bf839972d6a7dd7d685fdfb6a3233c3c382ecff839d04e7d53955d",
                "sha256:9aa4f3827992288edd37c9df345783a69ef58bd20cc02e64b36e44bcd157bbf1",
                "sha256:9d80f44137a70b6f84c750d11019a3419f409c944526a95219bea0ac31f4dd91",
                "sha256:b7ebd36128a2fe93991293f997e44be9286503c7530ace6a55b938b20be288d8",
                "sha256:c30857e1fbf7d4a4b79d7d376eefaf293ea4307b8293d00a62e6f517f51bfe9b",
                "sha256:c4c78e2c71c257c136cdd43869fd3d5e34fc2162dc22e4a5406b0ebe86958239",
                "sha256:c5472ea3945e8f9eb0659f37fc1f592fd06f4f725f0f03774a8999ad8c130334",
                "sha256:c6a842537f887be1fe115d8abb5daa9bc8cc124e455ff995830cc785624a97af",
                "sha256:cf0a2e040fdf5a6d95f4c286c6ef1df6b36c218b528c8a9158ec2452a804b9b8",
                "sha256:cfd28aad6fc61f7a5d4ee556a997dc6e5555d9381d1390c00ecaf984d57e4232",
                "sha256:d0fd1ec2e7c3e0aeaae999efe83f5d0f42c1160a1f8be5120d40857d20baa452",
                "sha256:dca5660e25932771460d4688ccbb515677caaf8595f3f3240ec16c117deff89a",
                "sha256:de7aedc85918c2f887886442e50f52c1b93545606317956d65f342bd81cb4fc3",
                "sha256:e6c0bbf8e277b74196e3140c35f9a1ae3eafd818f7f2d3a15819c49135d6c062"
            ],
            "index": "pypi",
            "version": "==6.0.0"
        },
        "procbridge": {
            "hashes": [
                "sha256:508bde4d0c341e26caf7011a0a1520d4e4398ae86b8316b6a648a1e22e83d2a4",
                "sha256:5ac0ff967a37891a48e5b01cee892ffc37c8ff2cb5f18721b5856d316d15161d"
            ],
            "index": "pypi",
            "version": "==1.1.3"
        },
        "python-engineio": {
            "hashes": [
                "sha256:7454314a529bba20e745928601ffeaf101c1b5aca9a6c4e48ad397803d10ea0c",
                "sha256:d8d8b072799c36cadcdcc2b40d2a560ce09797ab3d2d596b2ad519a5e4df19ae"
            ],
            "markers": "python_version >= '3.6'",
            "version": "==4.3.4"
        },
        "python-socketio": {
            "hashes": [
                "sha256:89a48591a8850c1f30d735f8e5a0294846da245a9b8940c39e1106e460c7a14e",
                "sha256:c7ffeac3d81f2d8d63b3ec7ed1e2d4478cc84aa1da666c1934c19432f4b8c0f8"
            ],
            "index": "pypi",
            "version": "==4.1.0"
        },
        "requests": {
            "hashes": [
                "sha256:11e007a8a2aa0323f5a921e9e6a2d7e4e67d9877e85773fba9ba6419025cbeb4",
                "sha256:9cf5292fcd0f598c671cfc1e0d7d1a7f13bb8085e9a590f48c010551dc6c4b31"
            ],
            "index": "pypi",
            "version": "==2.22.0"
        },
        "six": {
            "hashes": [
                "sha256:1e61c37477a1626458e36f7b1d82aa5c9b094fa4802892072e49de9c60c4c926",
                "sha256:8abb2f1d86890a2dfb989f9a77cfcfd3e47c2a354b01111771326f8aa26e0254"
            ],
            "markers": "python_version >= '2.7' and python_version not in '3.0, 3.1, 3.2, 3.3'",
            "version": "==1.16.0"
        },
        "typing-extensions": {
            "hashes": [
                "sha256:1a9462dcc3347a79b1f1c0271fbe79e844580bb598bafa1ed208b94da3cdcd42",
                "sha256:21c85e0fe4b9a155d0799430b0ad741cdce7e359660ccbd8b530613e8df88ce2"
            ],
            "markers": "python_version < '3.7'",
            "version": "==4.1.1"
        },
        "urllib3": {
            "hashes": [
                "sha256:8d7eaa5a82a1cac232164990f04874c594c9453ec55eef02eab885aa02fc17a2",
                "sha256:f5321fbe4bf3fefa0efd0bfe7fb14e90909eb62a48ccda331726b4319897dd5e"
            ],
            "markers": "python_version >= '2.7' and python_version not in '3.0, 3.1, 3.2, 3.3, 3.4' and python_version < '4'",
            "version": "==1.25.11"
        },
        "yarl": {
            "hashes": [
                "sha256:044daf3012e43d4b3538562da94a88fb12a6490652dbc29fb19adfa02cf72eac",
                "sha256:0cba38120db72123db7c58322fa69e3c0efa933040ffb586c3a87c063ec7cae8",
                "sha256:167ab7f64e409e9bdd99333fe8c67b5574a1f0495dcfd905bc7454e766729b9e",
                "sha256:1be4bbb3d27a4e9aa5f3df2ab61e3701ce8fcbd3e9846dbce7c033a7e8136746",
                "sha256:1ca56f002eaf7998b5fcf73b2421790da9d2586331805f38acd9997743114e98",
                "sha256:1d3d5ad8ea96bd6d643d80c7b8d5977b4e2fb1bab6c9da7322616fd26203d125",
                "sha256:1eb6480ef366d75b54c68164094a6a560c247370a68c02dddb11f20c4c6d3c9d",
                "sha256:1edc172dcca3f11b38a9d5c7505c83c1913c0addc99cd28e993efeaafdfaa18d",
                "sha256:211fcd65c58bf250fb994b53bc45a442ddc9f441f6fec53e65de8cba48ded986",
                "sha256:29e0656d5497733dcddc21797da5a2ab990c0cb9719f1f969e58a4abac66234d",
                "sha256:368bcf400247318382cc150aaa632582d0780b28ee6053cd80268c7e72796dec",
                "sha256:39d5493c5ecd75c8093fa7700a2fb5c94fe28c839c8e40144b7ab7ccba6938c8",
                "sha256:3abddf0b8e41445426d29f955b24aeecc83fa1072be1be4e0d194134a7d9baee",
                "sha256:3bf8cfe8856708ede6a73907bf0501f2dc4e104085e070a41f5d88e7faf237f3",
                "sha256:3ec1d9a0d7780416e657f1e405ba35ec1ba453a4f1511eb8b9fbab81cb8b3ce1",
                "sha256:45399b46d60c253327a460e99856752009fcee5f5d3c80b2f7c0cae1c38d56dd",
                "sha256:52690eb521d690ab041c3919666bea13ab9fbff80d615ec16fa81a297131276b",
                "sha256:534b047277a9a19d858cde163aba93f3e1677d5acd92f7d10ace419d478540de",
                "sha256:580c1f15500e137a8c37053e4cbf6058944d4c114701fa59944607505c2fe3a0",
                "sha256:59218fef177296451b23214c91ea3aba7858b4ae3306dde120224cfe0f7a6ee8",
                "sha256:5ba63585a89c9885f18331a55d25fe81dc2d82b71311ff8bd378fc8004202ff6",
                "sha256:5bb7d54b8f61ba6eee541fba4b83d22b8a046b4ef4d8eb7f15a7e35db2e1e245",
                "sha256:6152224d0a1eb254f97df3997d79dadd8bb2c1a02ef283dbb34b97d4f8492d23",
                "sha256:67e94028817defe5e705079b10a8438b8cb56e7115fa01640e9c0bb3edf67332",
                "sha256:695ba021a9e04418507fa930d5f0704edbce47076bdcfeeaba1c83683e5649d1",
                "sha256:6a1a9fe17621af43e9b9fcea8bd088ba682c8192d744b386ee3c47b56eaabb2c",
                "sha256:6ab0c3274d0a846840bf6c27d2c60ba771a12e4d7586bf550eefc2df0b56b3b4",
                "sha256:6feca8b6bfb9eef6ee057628e71e1734caf520a907b6ec0d62839e8293e945c0",
                "sha256:737e401cd0c493f7e3dd4db72aca11cfe069531c9761b8ea474926936b3c57c8",
                "sha256:788713c2896f426a4e166b11f4ec538b5736294ebf7d5f654ae445fd44270832",
                "sha256:797c2c412b04403d2da075fb93c123df35239cd7b4cc4e0cd9e5839b73f52c58",
                "sha256:8300401dc88cad23f5b4e4c1226f44a5aa696436a4026e456fe0e5d2f7f486e6",
                "sha256:87f6e082bce21464857ba58b569370e7b547d239ca22248be68ea5d6b51464a1",
                "sha256:89ccbf58e6a0ab89d487c92a490cb5660d06c3a47ca08872859672f9c511fc52",
                "sha256:8b0915ee85150963a9504c10de4e4729ae700af11df0dc5550e6587ed7891e92",
                "sha256:8cce6f9fa3df25f55521fbb5c7e4a736683148bcc0c75b21863789e5185f9185",
                "sha256:95a1873b6c0dd1c437fb3bb4a4aaa699a48c218ac7ca1e74b0bee0ab16c7d60d",
                "sha256:9b4c77d92d56a4c5027572752aa35082e40c561eec776048330d2907aead891d",
                "sha256:9bfcd43c65fbb339dc7086b5315750efa42a34eefad0256ba114cd8ad3896f4b",
                "sha256:9c1f083e7e71b2dd01f7cd7434a5f88c15213194df38bc29b388ccdf1492b739",
                "sha256:a1d0894f238763717bdcfea74558c94e3bc34aeacd3351d769460c1a586a8b05",
                "sha256:a467a431a0817a292121c13cbe637348b546e6ef47ca14a790aa2fa8cc93df63",
                "sha256:aa32aaa97d8b2ed4e54dc65d241a0da1c627454950f7d7b1f95b13985afd6c5d",
                "sha256:ac10bbac36cd89eac19f4e51c032ba6b412b3892b685076f4acd2de18ca990aa",
                "sha256:ac35ccde589ab6a1870a484ed136d49a26bcd06b6a1c6397b1967ca13ceb3913",
                "sha256:bab827163113177aee910adb1f48ff7af31ee0289f434f7e22d10baf624a6dfe",
                "sha256:baf81561f2972fb895e7844882898bda1eef4b07b5b385bcd308d2098f1a767b",
                "sha256:bf19725fec28452474d9887a128e98dd67eee7b7d52e932e6949c532d820dc3b",
                "sha256:c01a89a44bb672c38f42b49cdb0ad667b116d731b3f4c896f72302ff77d71656",
                "sha256:c0910c6b6c31359d2f6184828888c983d54d09d581a4a23547a35f1d0b9484b1",
                "sha256:c10ea1e80a697cf7d80d1ed414b5cb8f1eec07d618f54637067ae3c0334133c4",
                "sha256:c1164a2eac148d85bbdd23e07dfcc930f2e633220f3eb3c3e2a25f6148c2819e",
                "sha256:c145ab54702334c42237a6c6c4cc08703b6aa9b94e2f227ceb3d477d20c36c63",
                "sha256:c17965ff3706beedafd458c452bf15bac693ecd146a60a06a214614dc097a271",
                "sha256:c19324a1c5399b602f3b6e7db9478e5b1adf5cf58901996fc973fe4fccd73eed",
                "sha256:c2a1ac41a6aa980db03d098a5531f13985edcb451bcd9d00670b03129922cd0d",
                "sha256:c6ddcd80d79c96eb19c354d9dca95291589c5954099836b7c8d29278a7ec0bda",
                "sha256:c9c6d927e098c2d360695f2e9d38870b2e92e0919be07dbe339aefa32a090265",
                "sha256:cc8b7a7254c0fc3187d43d6cb54b5032d2365efd1df0cd1749c0c4df5f0ad45f",
                "sha256:cff3ba513db55cc6a35076f32c4cdc27032bd075c9faef31fec749e64b45d26c",
                "sha256:d260d4dc495c05d6600264a197d9d6f7fc9347f21d2594926202fd08cf89a8ba",
                "sha256:d6f3d62e16c10e88d2168ba2d065aa374e3c538998ed04996cd373ff2036d64c",
                "sha256:da6df107b9ccfe52d3a48165e48d72db0eca3e3029b5b8cb4fe6ee3cb870ba8b",
                "sha256:dfe4b95b7e00c6635a72e2d00b478e8a28bfb122dc76349a06e20792eb53a523",
                "sha256:e39378894ee6ae9f555ae2de332d513a5763276a9265f8e7cbaeb1b1ee74623a",
                "sha256:ede3b46cdb719c794427dcce9d8beb4abe8b9aa1e97526cc20de9bd6583ad1ef",
                "sha256:f2a8508f7350512434e41065684076f640ecce176d262a7d54f0da41d99c5a95",
                "sha256:f44477ae29025d8ea87ec308539f95963ffdc31a82f42ca9deecf2d505242e72",
                "sha256:f64394bd7ceef1237cc604b5a89bf748c95982a84bcd3c4bbeb40f685c810794",
                "sha256:fc4dd8b01a8112809e6b636b00f487846956402834a7fd59d46d4f4267181c41",
                "sha256:fce78593346c014d0d986b7ebc80d782b7f5e19843ca798ed62f8e3ba8728576",
                "sha256:fd547ec596d90c8676e369dd8a581a21227fe9b4ad37d0dc7feb4ccf544c2d59"
            ],
            "markers": "python_version >= '3.6'",
            "version": "==1.7.2"
        }
    },
    "develop": {}
}
