{
    "_meta": {
        "hash": {
            "sha256": "0c841d57059bb9d79eeb3f5dd12d5d31926383dddec53d364fcf28bae1aae166"
        },
        "pipfile-spec": 6,
        "requires": {
            "python_version": "3.6"
        },
        "sources": [
            {
                "name": "pypi",
                "url": "https://pypi.org/simple",
                "verify_ssl": true
            }
        ]
    },
    "default": {
        "aiohttp": {
            "hashes": [
                "sha256:00d198585474299c9c3b4f1d5de1a576cc230d562abc5e4a0e81d71a20a6ca55",
                "sha256:0155af66de8c21b8dba4992aaeeabf55503caefae00067a3b1139f86d0ec50ed",
                "sha256:09654a9eca62d1bd6d64aa44db2498f60a5c1e0ac4750953fdd79d5c88955e10",
                "sha256:199f1d106e2b44b6dacdf6f9245493c7d716b01d0b7fbe1959318ba4dc64d1f5",
                "sha256:296f30dedc9f4b9e7a301e5cc963012264112d78a1d3094cd83ef148fdf33ca1",
                "sha256:368ed312550bd663ce84dc4b032a962fcb3c7cae099dbbd48663afc305e3b939",
                "sha256:40d7ea570b88db017c51392349cf99b7aefaaddd19d2c78368aeb0bddde9d390",
                "sha256:629102a193162e37102c50713e2e31dc9a2fe7ac5e481da83e5bb3c0cee700aa",
                "sha256:6d5ec9b8948c3d957e75ea14d41e9330e1ac3fed24ec53766c780f82805140dc",
                "sha256:87331d1d6810214085a50749160196391a712a13336cd02ce1c3ea3d05bcf8d5",
                "sha256:9a02a04bbe581c8605ac423ba3a74999ec9d8bce7ae37977a3d38680f5780b6d",
                "sha256:9c4c83f4fa1938377da32bc2d59379025ceeee8e24b89f72fcbccd8ca22dc9bf",
                "sha256:9cddaff94c0135ee627213ac6ca6d05724bfe6e7a356e5e09ec57bd3249510f6",
                "sha256:a25237abf327530d9561ef751eef9511ab56fd9431023ca6f4803f1994104d72",
                "sha256:a5cbd7157b0e383738b8e29d6e556fde8726823dae0e348952a61742b21aeb12",
                "sha256:a97a516e02b726e089cffcde2eea0d3258450389bbac48cbe89e0f0b6e7b0366",
                "sha256:acc89b29b5f4e2332d65cd1b7d10c609a75b88ef8925d487a611ca788432dfa4",
                "sha256:b05bd85cc99b06740aad3629c2585bda7b83bd86e080b44ba47faf905fdf1300",
                "sha256:c2bec436a2b5dafe5eaeb297c03711074d46b6eb236d002c13c42f25c4a8ce9d",
                "sha256:cc619d974c8c11fe84527e4b5e1c07238799a8c29ea1c1285149170524ba9303",
                "sha256:d4392defd4648badaa42b3e101080ae3313e8f4787cb517efd3f5b8157eaefd6",
                "sha256:e1c3c582ee11af7f63a34a46f0448fca58e59889396ffdae1f482085061a2889"
            ],
            "index": "pypi",
            "version": "==3.5.4"
        },
        "async-timeout": {
            "hashes": [
                "sha256:0c3c816a028d47f659d6ff5c745cb2acf1f966da1fe5c19c77a70282b25f4c5f",
                "sha256:4291ca197d287d274d0b6cb5d6f8f8f82d434ed288f962539ff18cc9012f9ea3"
            ],
            "markers": "python_full_version >= '3.5.3'",
            "version": "==3.0.1"
        },
        "attrs": {
            "hashes": [
                "sha256:149e90d6d8ac20db7a955ad60cf0e6881a3f20d37096140088356da6c716b0b1",
                "sha256:ef6aaac3ca6cd92904cdd0d83f629a15f18053ec84e6432106f7a4d04ae4f5fb"
            ],
            "markers": "python_version >= '2.7' and python_version not in '3.0, 3.1, 3.2, 3.3, 3.4'",
            "version": "==21.2.0"
        },
        "certifi": {
            "hashes": [
                "sha256:78884e7c1d4b00ce3cea67b44566851c4343c120abd683433ce934a68ea58872",
                "sha256:d62a0163eb4c2344ac042ab2bdf75399a71a2d8c7d47eac2e2ee91b9d6339569"
            ],
            "version": "==2021.10.8"
        },
        "chardet": {
            "hashes": [
                "sha256:84ab92ed1c4d4f16916e05906b6b75a6c0fb5db821cc65e70cbd64a3e2a5eaae",
                "sha256:fc323ffcaeaed0e0a02bf4d117757b98aed530d9ed4531e3e15460124c106691"
            ],
            "version": "==3.0.4"
        },
        "idna": {
            "hashes": [
                "sha256:c357b3f628cf53ae2c4c05627ecc484553142ca23264e593d327bcde5e9c3407",
                "sha256:ea8b7f6188e6fa117537c3df7da9fc686d485087abf6ac197f9c46432f7e4a3c"
            ],
            "version": "==2.8"
        },
        "idna-ssl": {
            "hashes": [
                "sha256:a933e3bb13da54383f9e8f35dc4f9cb9eb9b3b78c6b36f311254d6d0d92c6c7c"
            ],
            "markers": "python_version < '3.7'",
            "version": "==1.1.0"
        },
        "multidict": {
            "hashes": [
                "sha256:1ece5a3369835c20ed57adadc663400b5525904e53bae59ec854a5d36b39b21a",
                "sha256:275ca32383bc5d1894b6975bb4ca6a7ff16ab76fa622967625baeebcf8079000",
                "sha256:3750f2205b800aac4bb03b5ae48025a64e474d2c6cc79547988ba1d4122a09e2",
                "sha256:4538273208e7294b2659b1602490f4ed3ab1c8cf9dbdd817e0e9db8e64be2507",
                "sha256:5141c13374e6b25fe6bf092052ab55c0c03d21bd66c94a0e3ae371d3e4d865a5",
                "sha256:51a4d210404ac61d32dada00a50ea7ba412e6ea945bbe992e4d7a595276d2ec7",
                "sha256:5cf311a0f5ef80fe73e4f4c0f0998ec08f954a6ec72b746f3c179e37de1d210d",
                "sha256:6513728873f4326999429a8b00fc7ceddb2509b01d5fd3f3be7881a257b8d463",
                "sha256:7388d2ef3c55a8ba80da62ecfafa06a1c097c18032a501ffd4cabbc52d7f2b19",
                "sha256:9456e90649005ad40558f4cf51dbb842e32807df75146c6d940b6f5abb4a78f3",
                "sha256:c026fe9a05130e44157b98fea3ab12969e5b60691a276150db9eda71710cd10b",
                "sha256:d14842362ed4cf63751648e7672f7174c9818459d169231d03c56e84daf90b7c",
                "sha256:e0d072ae0f2a179c375f67e3da300b47e1a83293c554450b29c900e50afaae87",
                "sha256:f07acae137b71af3bb548bd8da720956a3bc9f9a0b87733e0899226a2317aeb7",
                "sha256:fbb77a75e529021e7c4a8d4e823d88ef4d23674a202be4f5addffc72cbb91430",
                "sha256:fcfbb44c59af3f8ea984de67ec7c306f618a3ec771c2843804069917a8f2e255",
                "sha256:feed85993dbdb1dbc29102f50bca65bdc68f2c0c8d352468c25b54874f23c39d"
            ],
            "markers": "python_version >= '3.5'",
            "version": "==4.7.6"
        },
        "numpy": {
            "hashes": [
                "sha256:0778076e764e146d3078b17c24c4d89e0ecd4ac5401beff8e1c87879043a0633",
                "sha256:141c7102f20abe6cf0d54c4ced8d565b86df4d3077ba2343b61a6db996cefec7",
                "sha256:14270a1ee8917d11e7753fb54fc7ffd1934f4d529235beec0b275e2ccf00333b",
                "sha256:27e11c7a8ec9d5838bc59f809bfa86efc8a4fd02e58960fa9c49d998e14332d5",
                "sha256:2a04dda79606f3d2f760384c38ccd3d5b9bb79d4c8126b67aff5eb09a253763e",
                "sha256:3c26010c1b51e1224a3ca6b8df807de6e95128b0908c7e34f190e7775455b0ca",
                "sha256:52c40f1a4262c896420c6ea1c6fda62cf67070e3947e3307f5562bd783a90336",
                "sha256:6e4f8d9e8aa79321657079b9ac03f3cf3fd067bf31c1cca4f56d49543f4356a5",
                "sha256:7242be12a58fec245ee9734e625964b97cf7e3f2f7d016603f9e56660ce479c7",
                "sha256:7dc253b542bfd4b4eb88d9dbae4ca079e7bf2e2afd819ee18891a43db66c60c7",
                "sha256:94f5bd885f67bbb25c82d80184abbf7ce4f6c3c3a41fbaa4182f034bba803e69",
                "sha256:a89e188daa119ffa0d03ce5123dee3f8ffd5115c896c2a9d4f0dbb3d8b95bfa3",
                "sha256:ad3399da9b0ca36e2f24de72f67ab2854a62e623274607e37e0ce5f5d5fa9166",
                "sha256:b0348be89275fd1d4c44ffa39530c41a21062f52299b1e3ee7d1c61f060044b8",
                "sha256:b5554368e4ede1856121b0dfa35ce71768102e4aa55e526cb8de7f374ff78722",
                "sha256:cbddc56b2502d3f87fda4f98d948eb5b11f36ff3902e17cb6cc44727f2200525",
                "sha256:d79f18f41751725c56eceab2a886f021d70fd70a6188fd386e29a045945ffc10",
                "sha256:dc2ca26a19ab32dc475dbad9dfe723d3a64c835f4c23f625c2b6566ca32b9f29",
                "sha256:dd9bcd4f294eb0633bb33d1a74febdd2b9018b8b8ed325f861fffcd2c7660bb8",
                "sha256:e8baab1bc7c9152715844f1faca6744f2416929de10d7639ed49555a85549f52",
                "sha256:ec31fe12668af687b99acf1567399632a7c47b0e17cfb9ae47c098644ef36797",
                "sha256:f12b4f7e2d8f9da3141564e6737d79016fe5336cc92de6814eba579744f65b0a",
                "sha256:f58ac38d5ca045a377b3b377c84df8175ab992c970a53332fa8ac2373df44ff7"
            ],
            "index": "pypi",
            "version": "==1.16.4"
        },
        "opencv-python": {
            "hashes": [
                "sha256:0f2e739c582e8c5e432130648bc6d66a56bc65f4cd9ff0bc7033033d2130c7a3",
                "sha256:0f3d159ad6cb9cbd188c726f87485f0799a067a0a15f34c25d7b5c8db3cb2e50",
                "sha256:167a6aff9bd124a3a67e0ec25d0da5ecdc8d96a56405e3e5e7d586c4105eb1bb",
                "sha256:1b90d50bc7a31e9573a8da1b80fcd1e4d9c86c0e5f76387858e1b87eb8b0332b",
                "sha256:2baf1213ae2fd678991f905d7b2b94eddfdfb5f75757db0f0b31eebd48ca200d",
                "sha256:312dda54c7e809c20d7409418060ae0e9cdbe82975e7ced429eb3c234ffc0d4a",
                "sha256:32384e675f7cefe707cac40a95eeb142d6869065e39c5500374116297cd8ca6d",
                "sha256:5c50634dd8f2f866fd99fd939292ce10e52bef82804ebc4e7f915221c3b7e951",
                "sha256:6841bb9cc24751dbdf94e7eefc4e6d70ec297952501954471299fd12ab67391c",
                "sha256:68c1c846dd267cd7e293d3fc0bb238db0a744aa1f2e721e327598f00cb982098",
                "sha256:703910aaa1dcd25a412f78a190fb7a352d9a64ee7d9a35566d786f3cc66ebf20",
                "sha256:8002959146ed21959e3118c60c8e94ceac02eea15b691da6c62cff4787c63f7f",
                "sha256:889eef049d38488b5b4646c48a831feed37c0fd44f3d83c05cff80f4baded145",
                "sha256:8c76983c9ec3e4cf3a4c1d172ec4285332d9fb1c7194d724aff0c518437471ee",
                "sha256:9cd9bd72f4a9743ef6f11f0f96784bd215a542e996db1717d4c2d3d03eb81a1b",
                "sha256:a1a5517301dc8d56243a14253d231ec755b94486b4fff2ae68269bc941bb1f2e",
                "sha256:a2b08aec2eacae868723136383d9eb84a33062a7a7ec5ec3bd2c423bd1355946",
                "sha256:a8529a79233f3581a66984acd16bce52ab0163f6f77568dd69e9ee4956d2e1db",
                "sha256:afbc81a3870739610a9f9a1197374d6a45892cf1933c90fc5617d39790991ed3",
                "sha256:baeb5dd8b21c718580687f5b4efd03f8139b1c56239cdf6b9805c6946e80f268",
                "sha256:db1d49b753e6e6c76585f21d09c7e9812176732baa9bddb64bc2fc6cd24d4179",
                "sha256:e242ed419aeb2488e0f9ee6410a34917f0f8d62b3ae96aa3170d83bae75004e2",
                "sha256:e36a8857be2c849e54009f1bee25e8c34fbc683fcd38c6c700af4cba5f8d57c2",
                "sha256:e699232fd033ef0053efec2cba0a7505514f374ba7b18c732a77cb5304311ef9",
                "sha256:eae3da9231d87980f8082d181c276a04f7a6fdac130cebd467390b96dd05f944",
                "sha256:ee6814c94dbf1cae569302afef9dd29efafc52373e8770ded0db549a3b6e0c00",
                "sha256:f01a87a015227d8af407161eb48222fc3c8b01661cdc841e2b86eee4f1a7a417"
            ],
            "index": "pypi",
            "version": "==4.2.0.32"
        },
        "pillow": {
            "hashes": [
                "sha256:0683e80d81e840d401b687ebc00a02bbb23d0793c34d0852a5af64cfa1589540",
                "sha256:09c4e81c3277199898e8dc2d85d94febad87c41251ecbd447ba7d64d94765bd8",
                "sha256:0ee74a23022af9baf997e3016b4e090e4ff08688d37a6f49010338ab46cfe101",
                "sha256:10860baedfe5da7c43cd17835b091494dcc59dda5ad176a011713fe398ea6ac2",
                "sha256:15c056bfa284c30a7f265a41ac4cbbc93bdbfc0dfe0613b9cb8a8581b51a9e55",
                "sha256:1a4e06ba4f74494ea0c58c24de2bb752818e9d504474ec95b0aa94f6b0a7e479",
                "sha256:1c3c707c76be43c9e99cb7e3d5f1bee1c8e5be8b8a2a5eeee665efbf8ddde91a",
                "sha256:1fd0b290203e3b0882d9605d807b03c0f47e3440f97824586c173eca0aadd99d",
                "sha256:24114e4a6e1870c5a24b1da8f60d0ba77a0b4027907860188ea82bd3508c80eb",
                "sha256:258d886a49b6b058cd7abb0ab4b2b85ce78669a857398e83e8b8e28b317b5abb",
                "sha256:2734c55f7d054b0ad889c971136cbb0a5b35a921e27beaa44fdc2436af529c6e",
                "sha256:2ac36ec56727a95bd5a04dfca6abce1db8042c31ee73b65796a42f31fd52d009",
                "sha256:2bc1002b573d107c0b172a5da0f34b4900b2ddc6c3296b82d601e966d5ac1959",
                "sha256:33c79b6dd6bc7f65079ab9ca5bebffb5f5d1141c689c9c6a7855776d1b09b7e8",
                "sha256:367385fc797b2c31564c427430c7a8630db1a00bd040555dfc1d5c52e39fcd72",
                "sha256:3c1884ff078fb8bf5f63d7d86921838b82ed4a7d0c027add773c2f38b3168754",
                "sha256:44e5240e8f4f8861d748f2a58b3f04daadab5e22bfec896bf5434745f788f33f",
                "sha256:46aa988e15f3ea72dddd81afe3839437b755fffddb5e173886f11460be909dce",
                "sha256:492e1e4df823b57f9334f591c78a1e0e65a361e92594534e0568eeeeea56bbba",
                "sha256:50fb9e25d25cfcb50b2e6842c4e104e4f0b424be4624e1724532bf005c67589a",
                "sha256:5ceadd60dbd1e56ab7faffbfee1df5ecb83c3f0420e47f652cd5306d70eb0296",
                "sha256:74d90d499c9c736d52dd6d9b7221af5665b9c04f1767e35f5dd8694324bd4601",
                "sha256:7eeac51fc37e6b19631a4b8e38b8261a074efcf7cc27fc16a6bee4697af7aaa5",
                "sha256:809c0a2ce9032cbcd7b5313f71af4bdc5c8c771cb86eb7559afd954cab82ebb5",
                "sha256:85d1ef2cdafd5507c4221d201aaf62fc9276f8b0f71bd3933363e62a33abc734",
                "sha256:8c3889c7681af77ecfa4431cd42a2885d093ecb811e81fbe5e203abc07e0995b",
                "sha256:9218d81b9fca98d2c47d35d688a0cea0c42fd473159dfd5612dcb0483c63e40b",
                "sha256:9319215530e236822169cbe92426cdc18d16b88c943fdf365a6309a89876e335",
                "sha256:96ec275c83bf839972d6a7dd7d685fdfb6a3233c3c382ecff839d04e7d53955d",
                "sha256:9aa4f3827992288edd37c9df345783a69ef58bd20cc02e64b36e44bcd157bbf1",
                "sha256:9d80f44137a70b6f84c750d11019a3419f409c944526a95219bea0ac31f4dd91",
                "sha256:b7ebd36128a2fe93991293f997e44be9286503c7530ace6a55b938b20be288d8",
                "sha256:c30857e1fbf7d4a4b79d7d376eefaf293ea4307b8293d00a62e6f517f51bfe9b",
                "sha256:c4c78e2c71c257c136cdd43869fd3d5e34fc2162dc22e4a5406b0ebe86958239",
                "sha256:c5472ea3945e8f9eb0659f37fc1f592fd06f4f725f0f03774a8999ad8c130334",
                "sha256:c6a842537f887be1fe115d8abb5daa9bc8cc124e455ff995830cc785624a97af",
                "sha256:cf0a2e040fdf5a6d95f4c286c6ef1df6b36c218b528c8a9158ec2452a804b9b8",
                "sha256:cfd28aad6fc61f7a5d4ee556a997dc6e5555d9381d1390c00ecaf984d57e4232",
                "sha256:d0fd1ec2e7c3e0aeaae999efe83f5d0f42c1160a1f8be5120d40857d20baa452",
                "sha256:dca5660e25932771460d4688ccbb515677caaf8595f3f3240ec16c117deff89a",
                "sha256:de7aedc85918c2f887886442e50f52c1b93545606317956d65f342bd81cb4fc3",
                "sha256:e6c0bbf8e277b74196e3140c35f9a1ae3eafd818f7f2d3a15819c49135d6c062"
            ],
            "index": "pypi",
            "version": "==6.0.0"
        },
        "procbridge": {
            "hashes": [
                "sha256:508bde4d0c341e26caf7011a0a1520d4e4398ae86b8316b6a648a1e22e83d2a4",
                "sha256:5ac0ff967a37891a48e5b01cee892ffc37c8ff2cb5f18721b5856d316d15161d"
            ],
            "index": "pypi",
            "version": "==1.1.3"
        },
        "python-engineio": {
            "hashes": [
                "sha256:d510329b6d8ed5662547862f58bc73659ae62defa66b66d745ba021de112fa62",
                "sha256:f3ef9a2c048d08990f294c5f8991f6f162c3b12ecbd368baa0d90441de907d1c"
            ],
            "markers": "python_version >= '3.6'",
            "version": "==4.2.1"
        },
        "python-socketio": {
            "hashes": [
                "sha256:89a48591a8850c1f30d735f8e5a0294846da245a9b8940c39e1106e460c7a14e",
                "sha256:c7ffeac3d81f2d8d63b3ec7ed1e2d4478cc84aa1da666c1934c19432f4b8c0f8"
            ],
            "index": "pypi",
            "version": "==4.1.0"
        },
        "requests": {
            "hashes": [
                "sha256:11e007a8a2aa0323f5a921e9e6a2d7e4e67d9877e85773fba9ba6419025cbeb4",
                "sha256:9cf5292fcd0f598c671cfc1e0d7d1a7f13bb8085e9a590f48c010551dc6c4b31"
            ],
            "index": "pypi",
            "version": "==2.22.0"
        },
        "six": {
            "hashes": [
                "sha256:1e61c37477a1626458e36f7b1d82aa5c9b094fa4802892072e49de9c60c4c926",
                "sha256:8abb2f1d86890a2dfb989f9a77cfcfd3e47c2a354b01111771326f8aa26e0254"
            ],
            "markers": "python_version >= '2.7' and python_version not in '3.0, 3.1, 3.2, 3.3'",
            "version": "==1.16.0"
        },
        "typing-extensions": {
            "hashes": [
                "sha256:49f75d16ff11f1cd258e1b988ccff82a3ca5570217d7ad8c5f48205dd99a677e",
                "sha256:d8226d10bc02a29bcc81df19a26e56a9647f8b0a6d4a83924139f4a8b01f17b7",
                "sha256:f1d25edafde516b146ecd0613dabcc61409817af4766fbbcfb8d1ad4ec441a34"
            ],
            "markers": "python_version < '3.8'",
            "version": "==3.10.0.2"
        },
        "urllib3": {
            "hashes": [
                "sha256:8d7eaa5a82a1cac232164990f04874c594c9453ec55eef02eab885aa02fc17a2",
                "sha256:f5321fbe4bf3fefa0efd0bfe7fb14e90909eb62a48ccda331726b4319897dd5e"
            ],
            "markers": "python_version >= '2.7' and python_version not in '3.0, 3.1, 3.2, 3.3, 3.4' and python_version < '4'",
            "version": "==1.25.11"
        },
        "yarl": {
            "hashes": [
                "sha256:053e09817eafb892e94e172d05406c1b3a22a93bc68f6eff5198363a3d764459",
                "sha256:08c2044a956f4ef30405f2f433ce77f1f57c2c773bf81ae43201917831044d5a",
                "sha256:15ec41a5a5fdb7bace6d7b16701f9440007a82734f69127c0fbf6d87e10f4a1e",
                "sha256:1beef4734ca1ad40a9d8c6b20a76ab46e3a2ed09f38561f01e4aa2ea82cafcef",
                "sha256:1d3b8449dfedfe94eaff2b77954258b09b24949f6818dfa444b05dbb05ae1b7e",
                "sha256:22b2430c49713bfb2f0a0dd4a8d7aab218b28476ba86fd1c78ad8899462cbcf2",
                "sha256:263c81b94e6431942b27f6f671fa62f430a0a5c14bb255f2ab69eeb9b2b66ff7",
                "sha256:2e48f27936aa838939c798f466c851ba4ae79e347e8dfce43b009c64b930df12",
                "sha256:2e7ad9db939082f5d0b9269cfd92c025cb8f2fbbb1f1b9dc5a393c639db5bd92",
                "sha256:36ec44f15193f6d5288d42ebb8e751b967ebdfb72d6830983838d45ab18edb4f",
                "sha256:376e41775aab79c5575534924a386c8e0f1a5d91db69fc6133fd27a489bcaf10",
                "sha256:38173b8c3a29945e7ecade9a3f6ff39581eee8201338ee6a2c8882db5df3e806",
                "sha256:3a31e4a8dcb1beaf167b7e7af61b88cb961b220db8d3ba1c839723630e57eef7",
                "sha256:3ad51e17cd65ea3debb0e10f0120cf8dd987c741fe423ed2285087368090b33d",
                "sha256:3d461b7a8e139b9e4b41f62eb417ffa0b98d1c46d4caf14c845e6a3b349c0bb1",
                "sha256:3def6e681cc02397e5d8141ee97b41d02932b2bcf0fb34532ad62855eab7c60e",
                "sha256:46a742ed9e363bd01be64160ce7520e92e11989bd4cb224403cfd31c101cc83d",
                "sha256:484d61c047c45670ef5967653a1d0783e232c54bf9dd786a7737036828fa8d54",
                "sha256:50127634f519b2956005891507e3aa4ac345f66a7ea7bbc2d7dcba7401f41898",
                "sha256:59c0f13f9592820c51280d1cf811294d753e4a18baf90f0139d1dc93d4b6fc5f",
                "sha256:622a36fa779efb4ff9eff5fe52730ff17521431379851a31e040958fc251670c",
                "sha256:64773840952de17851a1c7346ad7f71688c77e74248d1f0bc230e96680f84028",
                "sha256:69945d13e1bbf81784a9bc48824feb9cd66491e6a503d4e83f6cd7c7cc861361",
                "sha256:7c8d0bb76eabc5299db203e952ec55f8f4c53f08e0df4285aac8c92bd9e12675",
                "sha256:7e37786ea89a5d3ffbbf318ea9790926f8dfda83858544f128553c347ad143c6",
                "sha256:7f7655ad83d1a8afa48435a449bf2f3009293da1604f5dd95b5ddcf5f673bd69",
                "sha256:81cfacdd1e40bc931b5519499342efa388d24d262c30a3d31187bfa04f4a7001",
                "sha256:821b978f2152be7695d4331ef0621d207aedf9bbd591ba23a63412a3efc29a01",
                "sha256:82ff6f85f67500a4f74885d81659cd270eb24dfe692fe44e622b8a2fd57e7279",
                "sha256:87721b549505a546eb003252185103b5ec8147de6d3ad3714d148a5a67b6fe53",
                "sha256:8a8b10d0e7bac154f959b709fcea593cda527b234119311eb950096653816a86",
                "sha256:8b8c409aa3a7966647e7c1c524846b362a6bcbbe120bf8a176431f940d2b9a2e",
                "sha256:8ba402f32184f0b405fb281b93bd0d8ab7e3257735b57b62a6ed2e94cdf4fe50",
                "sha256:8e3ffab21db0542ffd1887f3b9575ddd58961f2cf61429cb6458afc00c4581e0",
                "sha256:8e7ebaf62e19c2feb097ffb7c94deb0f0c9fab52590784c8cd679d30ab009162",
                "sha256:8ee78c9a5f3c642219d4607680a4693b59239c27a3aa608b64ef79ddc9698039",
                "sha256:91cbe24300c11835ef186436363352b3257db7af165e0a767f4f17aa25761388",
                "sha256:9624154ec9c02a776802da1086eed7f5034bd1971977f5146233869c2ac80297",
                "sha256:98c51f02d542945d306c8e934aa2c1e66ba5e9c1c86b5bf37f3a51c8a747067e",
                "sha256:98c9ddb92b60a83c21be42c776d3d9d5ec632a762a094c41bda37b7dfbd2cd83",
                "sha256:a06d9d0b9a97fa99b84fee71d9dd11e69e21ac8a27229089f07b5e5e50e8d63c",
                "sha256:a1fa866fa24d9f4108f9e58ea8a2135655419885cdb443e36b39a346e1181532",
                "sha256:a3455c2456d6307bcfa80bc1157b8603f7d93573291f5bdc7144489ca0df4628",
                "sha256:a532d75ca74431c053a88a802e161fb3d651b8bf5821a3440bc3616e38754583",
                "sha256:a7dfc46add4cfe5578013dbc4127893edc69fe19132d2836ff2f6e49edc5ecd6",
                "sha256:a7f08819dba1e1255d6991ed37448a1bf4b1352c004bcd899b9da0c47958513d",
                "sha256:aa9f0d9b62d15182341b3e9816582f46182cab91c1a57b2d308b9a3c4e2c4f78",
                "sha256:acbf1756d9dc7cd0ae943d883be72e84e04396f6c2ff93a6ddeca929d562039f",
                "sha256:b22ea41c7e98170474a01e3eded1377d46b2dfaef45888a0005c683eaaa49285",
                "sha256:b28cfb46140efe1a6092b8c5c4994a1fe70dc83c38fbcea4992401e0c6fb9cce",
                "sha256:b36f5a63c891f813c6f04ef19675b382efc190fd5ce7e10ab19386d2548bca06",
                "sha256:b64bd24c8c9a487f4a12260dc26732bf41028816dbf0c458f17864fbebdb3131",
                "sha256:b7de92a4af85cfcaf4081f8aa6165b1d63ee5de150af3ee85f954145f93105a7",
                "sha256:bb3e478175e15e00d659fb0354a6a8db71a7811a2a5052aed98048bc972e5d2b",
                "sha256:be52bc5208d767cdd8308a9e93059b3b36d1e048fecbea0e0346d0d24a76adc0",
                "sha256:c18a4b286e8d780c3a40c31d7b79836aa93b720f71d5743f20c08b7e049ca073",
                "sha256:c63c1e208f800daad71715786bfeb1cecdc595d87e2e9b1cd234fd6e597fd71d",
                "sha256:c7015dcedb91d90a138eebdc7e432aec8966e0147ab2a55f2df27b1904fa7291",
                "sha256:cb4ff1ac7cb4500f43581b3f4cbd627d702143aa6be1fdc1fa3ebffaf4dc1be5",
                "sha256:d30d67e3486aea61bb2cbf7cf81385364c2e4f7ce7469a76ed72af76a5cdfe6b",
                "sha256:d54c925396e7891666cabc0199366ca55b27d003393465acef63fd29b8b7aa92",
                "sha256:d579957439933d752358c6a300c93110f84aae67b63dd0c19dde6ecbf4056f6b",
                "sha256:d750503682605088a14d29a4701548c15c510da4f13c8b17409c4097d5b04c52",
                "sha256:db2372e350794ce8b9f810feb094c606b7e0e4aa6807141ac4fadfe5ddd75bb0",
                "sha256:e35d8230e4b08d86ea65c32450533b906a8267a87b873f2954adeaecede85169",
                "sha256:e510dbec7c59d32eaa61ffa48173d5e3d7170a67f4a03e8f5e2e9e3971aca622",
                "sha256:e78c91faefe88d601ddd16e3882918dbde20577a2438e2320f8239c8b7507b8f",
                "sha256:eb4b3f277880c314e47720b4b6bb2c85114ab3c04c5442c9bc7006b3787904d8",
                "sha256:ec1b5a25a25c880c976d0bb3d107def085bb08dbb3db7f4442e0a2b980359d24",
                "sha256:f3cd2158b2ed0fb25c6811adfdcc47224efe075f2d68a750071dacc03a7a66e4",
                "sha256:f46cd4c43e6175030e2a56def8f1d83b64e6706eeb2bb9ab0ef4756f65eab23f",
                "sha256:fdd1b90c225a653b1bd1c0cae8edf1957892b9a09c8bf7ee6321eeb8208eac0f"
            ],
            "markers": "python_version >= '3.6'",
            "version": "==1.7.0"
        }
    },
    "develop": {}
}
